Microsoft Visual Studio Solution File, Format Version 10.00
# Visual Studio 2008
Project("{F184B08F-C81C-45F6-A57F-5ABD9991F28F}") = "SilverlightApplication4", "SilverlightApplication4\SilverlightApplication4.vbproj", "{F81629B0-846A-4D4B-B1BF-F2DA9AA91ECF}"
EndProject
Project("{E24C65DC-7377-472B-9ABA-BC803B73C61A}") = "WebSite1", "WebSite1", "{325DA1BE-F549-45DD-AD24-F24CE61C153A}"
	ProjectSection(WebsiteProperties) = preProject
		TargetFramework = "3.5"
		Debug.AspNetCompiler.VirtualPath = "/WebSite1"
		Debug.AspNetCompiler.PhysicalPath = "WebSite1\"
		Debug.AspNetCompiler.TargetPath = "PrecompiledWeb\WebSite1\"
		Debug.AspNetCompiler.Updateable = "true"
		Debug.AspNetCompiler.ForceOverwrite = "true"
		Debug.AspNetCompiler.FixedNames = "false"
		Debug.AspNetCompiler.Debug = "True"
		Release.AspNetCompiler.VirtualPath = "/WebSite1"
		Release.AspNetCompiler.PhysicalPath = "WebSite1\"
		Release.AspNetCompiler.TargetPath = "PrecompiledWeb\WebSite1\"
		Release.AspNetCompiler.Updateable = "true"
		Release.AspNetCompiler.ForceOverwrite = "true"
		Release.AspNetCompiler.FixedNames = "false"
		Release.AspNetCompiler.Debug = "False"
		VWDPort = "58027"
		DefaultWebSiteLanguage = "Visual C#"
		ProjOutputReferences = "{F81629B0-846A-4D4B-B1BF-F2DA9AA91ECF}|ClientBin|false;"
	EndProjectSection
EndProject
Global
	GlobalSection(SolutionConfigurationPlatforms) = preSolution
		Debug|Any CPU = Debug|Any CPU
		DebugTest|Any CPU = DebugTest|Any CPU
		DebugTestConsoleOnly|Any CPU = DebugTestConsoleOnly|Any CPU
		Release|Any CPU = Release|Any CPU
	EndGlobalSection
	GlobalSection(ProjectConfigurationPlatforms) = postSolution
		{F81629B0-846A-4D4B-B1BF-F2DA9AA91ECF}.Debug|Any CPU.ActiveCfg = Debug|Any CPU
		{F81629B0-846A-4D4B-B1BF-F2DA9AA91ECF}.Debug|Any CPU.Build.0 = Debug|Any CPU
		{F81629B0-846A-4D4B-B1BF-F2DA9AA91ECF}.DebugTest|Any CPU.ActiveCfg = Debug|Any CPU
		{F81629B0-846A-4D4B-B1BF-F2DA9AA91ECF}.DebugTest|Any CPU.Build.0 = Debug|Any CPU
		{F81629B0-846A-4D4B-B1BF-F2DA9AA91ECF}.DebugTestConsoleOnly|Any CPU.ActiveCfg = Debug|Any CPU
		{F81629B0-846A-4D4B-B1BF-F2DA9AA91ECF}.DebugTestConsoleOnly|Any CPU.Build.0 = Debug|Any CPU
		{F81629B0-846A-4D4B-B1BF-F2DA9AA91ECF}.Release|Any CPU.ActiveCfg = Release|Any CPU
		{F81629B0-846A-4D4B-B1BF-F2DA9AA91ECF}.Release|Any CPU.Build.0 = Release|Any CPU
		{325DA1BE-F549-45DD-AD24-F24CE61C153A}.Debug|Any CPU.ActiveCfg = Debug|Any CPU
		{325DA1BE-F549-45DD-AD24-F24CE61C153A}.Debug|Any CPU.Build.0 = Debug|Any CPU
		{325DA1BE-F549-45DD-AD24-F24CE61C153A}.DebugTest|Any CPU.ActiveCfg = Debug|Any CPU
		{325DA1BE-F549-45DD-AD24-F24CE61C153A}.DebugTest|Any CPU.Build.0 = Debug|Any CPU
		{325DA1BE-F549-45DD-AD24-F24CE61C153A}.DebugTestConsoleOnly|Any CPU.ActiveCfg = Debug|Any CPU
		{325DA1BE-F549-45DD-AD24-F24CE61C153A}.DebugTestConsoleOnly|Any CPU.Build.0 = Debug|Any CPU
		{325DA1BE-F549-45DD-AD24-F24CE61C153A}.Release|Any CPU.ActiveCfg = Debug|Any CPU
		{325DA1BE-F549-45DD-AD24-F24CE61C153A}.Release|Any CPU.Build.0 = Debug|Any CPU
	EndGlobalSection
	GlobalSection(SolutionProperties) = preSolution
		HideSolutionNode = FALSE
	EndGlobalSection
EndGlobal
